// !$*UTF8*$!
{
	archiveVersion = 1;
	classes = {
	};
	objectVersion = 52;
	objects = {

/* Begin PBXBuildFile section */
		2DAF634327438AB10036AA38 /* AppDelegate.swift in Sources */ = {isa = PBXBuildFile; fileRef = 2DAF634227438AB10036AA38 /* AppDelegate.swift */; };
		2DAF634527438AB10036AA38 /* SceneDelegate.swift in Sources */ = {isa = PBXBuildFile; fileRef = 2DAF634427438AB10036AA38 /* SceneDelegate.swift */; };
		2DAF634A27438AB10036AA38 /* Main.storyboard in Resources */ = {isa = PBXBuildFile; fileRef = 2DAF634827438AB10036AA38 /* Main.storyboard */; };
		2DAF634C27438AB20036AA38 /* Assets.xcassets in Resources */ = {isa = PBXBuildFile; fileRef = 2DAF634B27438AB20036AA38 /* Assets.xcassets */; };
		2DAF634F27438AB20036AA38 /* LaunchScreen.storyboard in Resources */ = {isa = PBXBuildFile; fileRef = 2DAF634D27438AB20036AA38 /* LaunchScreen.storyboard */; };
		2DAF635727438BA70036AA38 /* GoogleService-Info.plist in Resources */ = {isa = PBXBuildFile; fileRef = 2DAF635627438BA70036AA38 /* GoogleService-Info.plist */; };
		2DAF635A27438C730036AA38 /* FirebaseAnalytics in Frameworks */ = {isa = PBXBuildFile; productRef = 2DAF635927438C730036AA38 /* FirebaseAnalytics */; };
		2DAF635C27438C730036AA38 /* FirebaseAuth in Frameworks */ = {isa = PBXBuildFile; productRef = 2DAF635B27438C730036AA38 /* FirebaseAuth */; };
		2DAF635E27438C730036AA38 /* FirebaseAuthCombine-Community in Frameworks */ = {isa = PBXBuildFile; productRef = 2DAF635D27438C730036AA38 /* FirebaseAuthCombine-Community */; };
		2DAF636127438CF30036AA38 /* GoogleSignIn in Frameworks */ = {isa = PBXBuildFile; productRef = 2DAF636027438CF30036AA38 /* GoogleSignIn */; };
		2DAF636427438D3A0036AA38 /* FacebookCore in Frameworks */ = {isa = PBXBuildFile; productRef = 2DAF636327438D3A0036AA38 /* FacebookCore */; };
		2DAF636627438D3A0036AA38 /* FacebookLogin in Frameworks */ = {isa = PBXBuildFile; productRef = 2DAF636527438D3A0036AA38 /* FacebookLogin */; };
		2DAF63682743A2C30036AA38 /* FrontPageViewController.swift in Sources */ = {isa = PBXBuildFile; fileRef = 2DAF63672743A2C30036AA38 /* FrontPageViewController.swift */; };
		2DAF636C2743A7710036AA38 /* Struct And Function.swift in Sources */ = {isa = PBXBuildFile; fileRef = 2DAF636B2743A7710036AA38 /* Struct And Function.swift */; };
		2DAF636F2743D52D0036AA38 /* LoginViewController.swift in Sources */ = {isa = PBXBuildFile; fileRef = 2DAF636E2743D52D0036AA38 /* LoginViewController.swift */; };
		2DAF63712743D55A0036AA38 /* SignInViewController.swift in Sources */ = {isa = PBXBuildFile; fileRef = 2DAF63702743D55A0036AA38 /* SignInViewController.swift */; };
		2DAF63732743D5740036AA38 /* ChangePasswordViewController.swift in Sources */ = {isa = PBXBuildFile; fileRef = 2DAF63722743D5740036AA38 /* ChangePasswordViewController.swift */; };
		2DAF63752743D5970036AA38 /* LoginSuccessViewController.swift in Sources */ = {isa = PBXBuildFile; fileRef = 2DAF63742743D5970036AA38 /* LoginSuccessViewController.swift */; };
/* End PBXBuildFile section */

/* Begin PBXFileReference section */
		2DAF633F27438AB10036AA38 /* Swift Practice # 115 Firebase Auth.app */ = {isa = PBXFileReference; explicitFileType = wrapper.application; includeInIndex = 0; path = "Swift Practice # 115 Firebase Auth.app"; sourceTree = BUILT_PRODUCTS_DIR; };
		2DAF634227438AB10036AA38 /* AppDelegate.swift */ = {isa = PBXFileReference; lastKnownFileType = sourcecode.swift; path = AppDelegate.swift; sourceTree = "<group>"; };
		2DAF634427438AB10036AA38 /* SceneDelegate.swift */ = {isa = PBXFileReference; lastKnownFileType = sourcecode.swift; path = SceneDelegate.swift; sourceTree = "<group>"; };
		2DAF634927438AB10036AA38 /* Base */ = {isa = PBXFileReference; lastKnownFileType = file.storyboard; name = Base; path = Base.lproj/Main.storyboard; sourceTree = "<group>"; };
		2DAF634B27438AB20036AA38 /* Assets.xcassets */ = {isa = PBXFileReference; lastKnownFileType = folder.assetcatalog; path = Assets.xcassets; sourceTree = "<group>"; };
		2DAF634E27438AB20036AA38 /* Base */ = {isa = PBXFileReference; lastKnownFileType = file.storyboard; name = Base; path = Base.lproj/LaunchScreen.storyboard; sourceTree = "<group>"; };
		2DAF635027438AB20036AA38 /* Info.plist */ = {isa = PBXFileReference; lastKnownFileType = text.plist.xml; path = Info.plist; sourceTree = "<group>"; };
		2DAF635627438BA70036AA38 /* GoogleService-Info.plist */ = {isa = PBXFileReference; fileEncoding = 4; lastKnownFileType = text.plist.xml; path = "GoogleService-Info.plist"; sourceTree = "<group>"; };
		2DAF63672743A2C30036AA38 /* FrontPageViewController.swift */ = {isa = PBXFileReference; lastKnownFileType = sourcecode.swift; path = FrontPageViewController.swift; sourceTree = "<group>"; };
		2DAF636B2743A7710036AA38 /* Struct And Function.swift */ = {isa = PBXFileReference; lastKnownFileType = sourcecode.swift; path = "Struct And Function.swift"; sourceTree = "<group>"; };
		2DAF636E2743D52D0036AA38 /* LoginViewController.swift */ = {isa = PBXFileReference; lastKnownFileType = sourcecode.swift; path = LoginViewController.swift; sourceTree = "<group>"; };
		2DAF63702743D55A0036AA38 /* SignInViewController.swift */ = {isa = PBXFileReference; lastKnownFileType = sourcecode.swift; path = SignInViewController.swift; sourceTree = "<group>"; };
		2DAF63722743D5740036AA38 /* ChangePasswordViewController.swift */ = {isa = PBXFileReference; lastKnownFileType = sourcecode.swift; path = ChangePasswordViewController.swift; sourceTree = "<group>"; };
		2DAF63742743D5970036AA38 /* LoginSuccessViewController.swift */ = {isa = PBXFileReference; lastKnownFileType = sourcecode.swift; path = LoginSuccessViewController.swift; sourceTree = "<group>"; };
		2DAF63762743D61A0036AA38 /* Swift Practice # 115 Firebase Auth.entitlements */ = {isa = PBXFileReference; lastKnownFileType = text.plist.entitlements; path = "Swift Practice # 115 Firebase Auth.entitlements"; sourceTree = "<group>"; };
/* End PBXFileReference section */

/* Begin PBXFrameworksBuildPhase section */
		2DAF633C27438AB10036AA38 /* Frameworks */ = {
			isa = PBXFrameworksBuildPhase;
			buildActionMask = 2147483647;
			files = (
				2DAF635A27438C730036AA38 /* FirebaseAnalytics in Frameworks */,
				2DAF636427438D3A0036AA38 /* FacebookCore in Frameworks */,
				2DAF636627438D3A0036AA38 /* FacebookLogin in Frameworks */,
				2DAF636127438CF30036AA38 /* GoogleSignIn in Frameworks */,
				2DAF635E27438C730036AA38 /* FirebaseAuthCombine-Community in Frameworks */,
				2DAF635C27438C730036AA38 /* FirebaseAuth in Frameworks */,
			);
			runOnlyForDeploymentPostprocessing = 0;
		};
/* End PBXFrameworksBuildPhase section */

/* Begin PBXGroup section */
		2DAF633627438AB10036AA38 = {
			isa = PBXGroup;
			children = (
				2DAF634127438AB10036AA38 /* Swift Practice # 115 Firebase Auth */,
				2DAF634027438AB10036AA38 /* Products */,
			);
			sourceTree = "<group>";
		};
		2DAF634027438AB10036AA38 /* Products */ = {
			isa = PBXGroup;
			children = (
				2DAF633F27438AB10036AA38 /* Swift Practice # 115 Firebase Auth.app */,
			);
			name = Products;
			sourceTree = "<group>";
		};
		2DAF634127438AB10036AA38 /* Swift Practice # 115 Firebase Auth */ = {
			isa = PBXGroup;
			children = (
				2DAF63762743D61A0036AA38 /* Swift Practice # 115 Firebase Auth.entitlements */,
				2DAF636A2743A7370036AA38 /* Struct Use Every Page */,
				2DAF63692743A2C90036AA38 /* FrontPage */,
				2DAF636D2743A85D0036AA38 /* Sign In By Email */,
				2DAF634227438AB10036AA38 /* AppDelegate.swift */,
				2DAF634427438AB10036AA38 /* SceneDelegate.swift */,
				2DAF634827438AB10036AA38 /* Main.storyboard */,
				2DAF634B27438AB20036AA38 /* Assets.xcassets */,
				2DAF634D27438AB20036AA38 /* LaunchScreen.storyboard */,
				2DAF635027438AB20036AA38 /* Info.plist */,
				2DAF635627438BA70036AA38 /* GoogleService-Info.plist */,
				2DAF63742743D5970036AA38 /* LoginSuccessViewController.swift */,
			);
			path = "Swift Practice # 115 Firebase Auth";
			sourceTree = "<group>";
		};
		2DAF63692743A2C90036AA38 /* FrontPage */ = {
			isa = PBXGroup;
			children = (
				2DAF63672743A2C30036AA38 /* FrontPageViewController.swift */,
			);
			path = FrontPage;
			sourceTree = "<group>";
		};
		2DAF636A2743A7370036AA38 /* Struct Use Every Page */ = {
			isa = PBXGroup;
			children = (
				2DAF636B2743A7710036AA38 /* Struct And Function.swift */,
			);
			path = "Struct Use Every Page";
			sourceTree = "<group>";
		};
		2DAF636D2743A85D0036AA38 /* Sign In By Email */ = {
			isa = PBXGroup;
			children = (
				2DAF636E2743D52D0036AA38 /* LoginViewController.swift */,
				2DAF63702743D55A0036AA38 /* SignInViewController.swift */,
				2DAF63722743D5740036AA38 /* ChangePasswordViewController.swift */,
			);
			path = "Sign In By Email";
			sourceTree = "<group>";
		};
/* End PBXGroup section */

/* Begin PBXNativeTarget section */
		2DAF633E27438AB10036AA38 /* Swift Practice # 115 Firebase Auth */ = {
			isa = PBXNativeTarget;
			buildConfigurationList = 2DAF635327438AB20036AA38 /* Build configuration list for PBXNativeTarget "Swift Practice # 115 Firebase Auth" */;
			buildPhases = (
				2DAF633B27438AB10036AA38 /* Sources */,
				2DAF633C27438AB10036AA38 /* Frameworks */,
				2DAF633D27438AB10036AA38 /* Resources */,
			);
			buildRules = (
			);
			dependencies = (
			);
			name = "Swift Practice # 115 Firebase Auth";
			packageProductDependencies = (
				2DAF635927438C730036AA38 /* FirebaseAnalytics */,
				2DAF635B27438C730036AA38 /* FirebaseAuth */,
				2DAF635D27438C730036AA38 /* FirebaseAuthCombine-Community */,
				2DAF636027438CF30036AA38 /* GoogleSignIn */,
				2DAF636327438D3A0036AA38 /* FacebookCore */,
				2DAF636527438D3A0036AA38 /* FacebookLogin */,
			);
			productName = "Swift Practice # 115 Firebase Auth";
			productReference = 2DAF633F27438AB10036AA38 /* Swift Practice # 115 Firebase Auth.app */;
			productType = "com.apple.product-type.application";
		};
/* End PBXNativeTarget section */

/* Begin PBXProject section */
		2DAF633727438AB10036AA38 /* Project object */ = {
			isa = PBXProject;
			attributes = {
				LastSwiftUpdateCheck = 1250;
				LastUpgradeCheck = 1250;
				TargetAttributes = {
					2DAF633E27438AB10036AA38 = {
						CreatedOnToolsVersion = 12.5.1;
					};
				};
			};
			buildConfigurationList = 2DAF633A27438AB10036AA38 /* Build configuration list for PBXProject "Swift Practice # 115 Firebase Auth" */;
			compatibilityVersion = "Xcode 9.3";
			developmentRegion = en;
			hasScannedForEncodings = 0;
			knownRegions = (
				en,
				Base,
			);
			mainGroup = 2DAF633627438AB10036AA38;
			packageReferences = (
				2DAF635827438C730036AA38 /* XCRemoteSwiftPackageReference "firebase-ios-sdk" */,
				2DAF635F27438CF20036AA38 /* XCRemoteSwiftPackageReference "GoogleSignIn-iOS" */,
				2DAF636227438D3A0036AA38 /* XCRemoteSwiftPackageReference "facebook-ios-sdk" */,
			);
			productRefGroup = 2DAF634027438AB10036AA38 /* Products */;
			projectDirPath = "";
			projectRoot = "";
			targets = (
				2DAF633E27438AB10036AA38 /* Swift Practice # 115 Firebase Auth */,
			);
		};
/* End PBXProject section */

/* Begin PBXResourcesBuildPhase section */
		2DAF633D27438AB10036AA38 /* Resources */ = {
			isa = PBXResourcesBuildPhase;
			buildActionMask = 2147483647;
			files = (
				2DAF634F27438AB20036AA38 /* LaunchScreen.storyboard in Resources */,
				2DAF635727438BA70036AA38 /* GoogleService-Info.plist in Resources */,
				2DAF634C27438AB20036AA38 /* Assets.xcassets in Resources */,
				2DAF634A27438AB10036AA38 /* Main.storyboard in Resources */,
			);
			runOnlyForDeploymentPostprocessing = 0;
		};
/* End PBXResourcesBuildPhase section */

/* Begin PBXSourcesBuildPhase section */
		2DAF633B27438AB10036AA38 /* Sources */ = {
			isa = PBXSourcesBuildPhase;
			buildActionMask = 2147483647;
			files = (
				2DAF63752743D5970036AA38 /* LoginSuccessViewController.swift in Sources */,
				2DAF63682743A2C30036AA38 /* FrontPageViewController.swift in Sources */,
				2DAF634327438AB10036AA38 /* AppDelegate.swift in Sources */,
				2DAF63712743D55A0036AA38 /* SignInViewController.swift in Sources */,
				2DAF636C2743A7710036AA38 /* Struct And Function.swift in Sources */,
				2DAF636F2743D52D0036AA38 /* LoginViewController.swift in Sources */,
				2DAF634527438AB10036AA38 /* SceneDelegate.swift in Sources */,
				2DAF63732743D5740036AA38 /* ChangePasswordViewController.swift in Sources */,
			);
			runOnlyForDeploymentPostprocessing = 0;
		};
/* End PBXSourcesBuildPhase section */

/* Begin PBXVariantGroup section */
		2DAF634827438AB10036AA38 /* Main.storyboard */ = {
			isa = PBXVariantGroup;
			children = (
				2DAF634927438AB10036AA38 /* Base */,
			);
			name = Main.storyboard;
			sourceTree = "<group>";
		};
		2DAF634D27438AB20036AA38 /* LaunchScreen.storyboard */ = {
			isa = PBXVariantGroup;
			children = (
				2DAF634E27438AB20036AA38 /* Base */,
			);
			name = LaunchScreen.storyboard;
			sourceTree = "<group>";
		};
/* End PBXVariantGroup section */

/* Begin XCBuildConfiguration section */
		2DAF635127438AB20036AA38 /* Debug */ = {
			isa = XCBuildConfiguration;
			buildSettings = {
				ALWAYS_SEARCH_USER_PATHS = NO;
				CLANG_ANALYZER_NONNULL = YES;
				CLANG_ANALYZER_NUMBER_OBJECT_CONVERSION = YES_AGGRESSIVE;
				CLANG_CXX_LANGUAGE_STANDARD = "gnu++14";
				CLANG_CXX_LIBRARY = "libc++";
				CLANG_ENABLE_MODULES = YES;
				CLANG_ENABLE_OBJC_ARC = YES;
				CLANG_ENABLE_OBJC_WEAK = YES;
				CLANG_WARN_BLOCK_CAPTURE_AUTORELEASING = YES;
				CLANG_WARN_BOOL_CONVERSION = YES;
				CLANG_WARN_COMMA = YES;
				CLANG_WARN_CONSTANT_CONVERSION = YES;
				CLANG_WARN_DEPRECATED_OBJC_IMPLEMENTATIONS = YES;
				CLANG_WARN_DIRECT_OBJC_ISA_USAGE = YES_ERROR;
				CLANG_WARN_DOCUMENTATION_COMMENTS = YES;
				CLANG_WARN_EMPTY_BODY = YES;
				CLANG_WARN_ENUM_CONVERSION = YES;
				CLANG_WARN_INFINITE_RECURSION = YES;
				CLANG_WARN_INT_CONVERSION = YES;
				CLANG_WARN_NON_LITERAL_NULL_CONVERSION = YES;
				CLANG_WARN_OBJC_IMPLICIT_RETAIN_SELF = YES;
				CLANG_WARN_OBJC_LITERAL_CONVERSION = YES;
				CLANG_WARN_OBJC_ROOT_CLASS = YES_ERROR;
				CLANG_WARN_QUOTED_INCLUDE_IN_FRAMEWORK_HEADER = YES;
				CLANG_WARN_RANGE_LOOP_ANALYSIS = YES;
				CLANG_WARN_STRICT_PROTOTYPES = YES;
				CLANG_WARN_SUSPICIOUS_MOVE = YES;
				CLANG_WARN_UNGUARDED_AVAILABILITY = YES_AGGRESSIVE;
				CLANG_WARN_UNREACHABLE_CODE = YES;
				CLANG_WARN__DUPLICATE_METHOD_MATCH = YES;
				COPY_PHASE_STRIP = NO;
				DEBUG_INFORMATION_FORMAT = dwarf;
				ENABLE_STRICT_OBJC_MSGSEND = YES;
				ENABLE_TESTABILITY = YES;
				GCC_C_LANGUAGE_STANDARD = gnu11;
				GCC_DYNAMIC_NO_PIC = NO;
				GCC_NO_COMMON_BLOCKS = YES;
				GCC_OPTIMIZATION_LEVEL = 0;
				GCC_PREPROCESSOR_DEFINITIONS = (
					"DEBUG=1",
					"$(inherited)",
				);
				GCC_WARN_64_TO_32_BIT_CONVERSION = YES;
				GCC_WARN_ABOUT_RETURN_TYPE = YES_ERROR;
				GCC_WARN_UNDECLARED_SELECTOR = YES;
				GCC_WARN_UNINITIALIZED_AUTOS = YES_AGGRESSIVE;
				GCC_WARN_UNUSED_FUNCTION = YES;
				GCC_WARN_UNUSED_VARIABLE = YES;
				IPHONEOS_DEPLOYMENT_TARGET = 14.5;
				MTL_ENABLE_DEBUG_INFO = INCLUDE_SOURCE;
				MTL_FAST_MATH = YES;
				ONLY_ACTIVE_ARCH = YES;
				SDKROOT = iphoneos;
				SWIFT_ACTIVE_COMPILATION_CONDITIONS = DEBUG;
				SWIFT_OPTIMIZATION_LEVEL = "-Onone";
			};
			name = Debug;
		};
		2DAF635227438AB20036AA38 /* Release */ = {
			isa = XCBuildConfiguration;
			buildSettings = {
				ALWAYS_SEARCH_USER_PATHS = NO;
				CLANG_ANALYZER_NONNULL = YES;
				CLANG_ANALYZER_NUMBER_OBJECT_CONVERSION = YES_AGGRESSIVE;
				CLANG_CXX_LANGUAGE_STANDARD = "gnu++14";
				CLANG_CXX_LIBRARY = "libc++";
				CLANG_ENABLE_MODULES = YES;
				CLANG_ENABLE_OBJC_ARC = YES;
				CLANG_ENABLE_OBJC_WEAK = YES;
				CLANG_WARN_BLOCK_CAPTURE_AUTORELEASING = YES;
				CLANG_WARN_BOOL_CONVERSION = YES;
				CLANG_WARN_COMMA = YES;
				CLANG_WARN_CONSTANT_CONVERSION = YES;
				CLANG_WARN_DEPRECATED_OBJC_IMPLEMENTATIONS = YES;
				CLANG_WARN_DIRECT_OBJC_ISA_USAGE = YES_ERROR;
				CLANG_WARN_DOCUMENTATION_COMMENTS = YES;
				CLANG_WARN_EMPTY_BODY = YES;
				CLANG_WARN_ENUM_CONVERSION = YES;
				CLANG_WARN_INFINITE_RECURSION = YES;
				CLANG_WARN_INT_CONVERSION = YES;
				CLANG_WARN_NON_LITERAL_NULL_CONVERSION = YES;
				CLANG_WARN_OBJC_IMPLICIT_RETAIN_SELF = YES;
				CLANG_WARN_OBJC_LITERAL_CONVERSION = YES;
				CLANG_WARN_OBJC_ROOT_CLASS = YES_ERROR;
				CLANG_WARN_QUOTED_INCLUDE_IN_FRAMEWORK_HEADER = YES;
				CLANG_WARN_RANGE_LOOP_ANALYSIS = YES;
				CLANG_WARN_STRICT_PROTOTYPES = YES;
				CLANG_WARN_SUSPICIOUS_MOVE = YES;
				CLANG_WARN_UNGUARDED_AVAILABILITY = YES_AGGRESSIVE;
				CLANG_WARN_UNREACHABLE_CODE = YES;
				CLANG_WARN__DUPLICATE_METHOD_MATCH = YES;
				COPY_PHASE_STRIP = NO;
				DEBUG_INFORMATION_FORMAT = "dwarf-with-dsym";
				ENABLE_NS_ASSERTIONS = NO;
				ENABLE_STRICT_OBJC_MSGSEND = YES;
				GCC_C_LANGUAGE_STANDARD = gnu11;
				GCC_NO_COMMON_BLOCKS = YES;
				GCC_WARN_64_TO_32_BIT_CONVERSION = YES;
				GCC_WARN_ABOUT_RETURN_TYPE = YES_ERROR;
				GCC_WARN_UNDECLARED_SELECTOR = YES;
				GCC_WARN_UNINITIALIZED_AUTOS = YES_AGGRESSIVE;
				GCC_WARN_UNUSED_FUNCTION = YES;
				GCC_WARN_UNUSED_VARIABLE = YES;
				IPHONEOS_DEPLOYMENT_TARGET = 14.5;
				MTL_ENABLE_DEBUG_INFO = NO;
				MTL_FAST_MATH = YES;
				SDKROOT = iphoneos;
				SWIFT_COMPILATION_MODE = wholemodule;
				SWIFT_OPTIMIZATION_LEVEL = "-O";
				VALIDATE_PRODUCT = YES;
			};
			name = Release;
		};
		2DAF635427438AB20036AA38 /* Debug */ = {
			isa = XCBuildConfiguration;
			buildSettings = {
				ASSETCATALOG_COMPILER_APPICON_NAME = AppIcon;
				ASSETCATALOG_COMPILER_GLOBAL_ACCENT_COLOR_NAME = AccentColor;
				CODE_SIGN_ENTITLEMENTS = "Swift Practice # 115 Firebase Auth/Swift Practice # 115 Firebase Auth.entitlements";
				CODE_SIGN_STYLE = Automatic;
				DEVELOPMENT_TEAM = D758S53U98;
				INFOPLIST_FILE = "Swift Practice # 115 Firebase Auth/Info.plist";
				LD_RUNPATH_SEARCH_PATHS = (
					"$(inherited)",
					"@executable_path/Frameworks",
				);
				PRODUCT_BUNDLE_IDENTIFIER = "Dogpa.Swift-Practice---115-Firebase-Auth";
				PRODUCT_NAME = "$(TARGET_NAME)";
				SWIFT_VERSION = 5.0;
				TARGETED_DEVICE_FAMILY = "1,2";
			};
			name = Debug;
		};
		2DAF635527438AB20036AA38 /* Release */ = {
			isa = XCBuildConfiguration;
			buildSettings = {
				ASSETCATALOG_COMPILER_APPICON_NAME = AppIcon;
				ASSETCATALOG_COMPILER_GLOBAL_ACCENT_COLOR_NAME = AccentColor;
				CODE_SIGN_ENTITLEMENTS = "Swift Practice # 115 Firebase Auth/Swift Practice # 115 Firebase Auth.entitlements";
				CODE_SIGN_STYLE = Automatic;
				DEVELOPMENT_TEAM = D758S53U98;
				INFOPLIST_FILE = "Swift Practice # 115 Firebase Auth/Info.plist";
				LD_RUNPATH_SEARCH_PATHS = (
					"$(inherited)",
					"@executable_path/Frameworks",
				);
				PRODUCT_BUNDLE_IDENTIFIER = "Dogpa.Swift-Practice---115-Firebase-Auth";
				PRODUCT_NAME = "$(TARGET_NAME)";
				SWIFT_VERSION = 5.0;
				TARGETED_DEVICE_FAMILY = "1,2";
			};
			name = Release;
		};
/* End XCBuildConfiguration section */

/* Begin XCConfigurationList section */
		2DAF633A27438AB10036AA38 /* Build configuration list for PBXProject "Swift Practice # 115 Firebase Auth" */ = {
			isa = XCConfigurationList;
			buildConfigurations = (
				2DAF635127438AB20036AA38 /* Debug */,
				2DAF635227438AB20036AA38 /* Release */,
			);
			defaultConfigurationIsVisible = 0;
			defaultConfigurationName = Release;
		};
		2DAF635327438AB20036AA38 /* Build configuration list for PBXNativeTarget "Swift Practice # 115 Firebase Auth" */ = {
			isa = XCConfigurationList;
			buildConfigurations = (
				2DAF635427438AB20036AA38 /* Debug */,
				2DAF635527438AB20036AA38 /* Release */,
			);
			defaultConfigurationIsVisible = 0;
			defaultConfigurationName = Release;
		};
/* End XCConfigurationList section */

/* Begin XCRemoteSwiftPackageReference section */
		2DAF635827438C730036AA38 /* XCRemoteSwiftPackageReference "firebase-ios-sdk" */ = {
			isa = XCRemoteSwiftPackageReference;
			repositoryURL = "https://github.com/firebase/firebase-ios-sdk.git";
			requirement = {
				kind = upToNextMajorVersion;
				minimumVersion = 8.9.1;
			};
		};
		2DAF635F27438CF20036AA38 /* XCRemoteSwiftPackageReference "GoogleSignIn-iOS" */ = {
			isa = XCRemoteSwiftPackageReference;
			repositoryURL = "https://github.com/google/GoogleSignIn-iOS";
			requirement = {
				kind = upToNextMajorVersion;
				minimumVersion = 6.0.2;
			};
		};
		2DAF636227438D3A0036AA38 /* XCRemoteSwiftPackageReference "facebook-ios-sdk" */ = {
			isa = XCRemoteSwiftPackageReference;
			repositoryURL = "https://github.com/facebook/facebook-ios-sdk";
			requirement = {
				kind = upToNextMajorVersion;
				minimumVersion = 12.1.0;
			};
		};
/* End XCRemoteSwiftPackageReference section */

/* Begin XCSwiftPackageProductDependency section */
		2DAF635927438C730036AA38 /* FirebaseAnalytics */ = {
			isa = XCSwiftPackageProductDependency;
			package = 2DAF635827438C730036AA38 /* XCRemoteSwiftPackageReference "firebase-ios-sdk" */;
			productName = FirebaseAnalytics;
		};
		2DAF635B27438C730036AA38 /* FirebaseAuth */ = {
			isa = XCSwiftPackageProductDependency;
			package = 2DAF635827438C730036AA38 /* XCRemoteSwiftPackageReference "firebase-ios-sdk" */;
			productName = FirebaseAuth;
		};
		2DAF635D27438C730036AA38 /* FirebaseAuthCombine-Community */ = {
			isa = XCSwiftPackageProductDependency;
			package = 2DAF635827438C730036AA38 /* XCRemoteSwiftPackageReference "firebase-ios-sdk" */;
			productName = "FirebaseAuthCombine-Community";
		};
		2DAF636027438CF30036AA38 /* GoogleSignIn */ = {
			isa = XCSwiftPackageProductDependency;
			package = 2DAF635F27438CF20036AA38 /* XCRemoteSwiftPackageReference "GoogleSignIn-iOS" */;
			productName = GoogleSignIn;
		};
		2DAF636327438D3A0036AA38 /* FacebookCore */ = {
			isa = XCSwiftPackageProductDependency;
			package = 2DAF636227438D3A0036AA38 /* XCRemoteSwiftPackageReference "facebook-ios-sdk" */;
			productName = FacebookCore;
		};
		2DAF636527438D3A0036AA38 /* FacebookLogin */ = {
			isa = XCSwiftPackageProductDependency;
			package = 2DAF636227438D3A0036AA38 /* XCRemoteSwiftPackageReference "facebook-ios-sdk" */;
			productName = FacebookLogin;
		};
/* End XCSwiftPackageProductDependency section */
	};
	rootObject = 2DAF633727438AB10036AA38 /* Project object */;
}
